{
  "name": "bsi-production",
  "lockfileVersion": 3,
  "requires": true,
  "packages": {
    "": {
      "devDependencies": {
        "workerd": "^1.20260109.0"
      }
    },
    "node_modules/@cloudflare/workerd-darwin-64": {
      "version": "1.20260109.0",
      "resolved": "https://registry.npmjs.org/@cloudflare/workerd-darwin-64/-/workerd-darwin-64-1.20260109.0.tgz",
      "integrity": "sha512-fkkhd7aCmZQQ1I+ozMsfV8RGnwiEGtP1YI4gQ8jeaEdyq/xYNrpPpFosilU+g+n0Tt7o2dqcbdv2X7tR//C0UQ==",
      "cpu": [
        "x64"
      ],
      "dev": true,
      "license": "Apache-2.0",
      "optional": true,
      "os": [
        "darwin"
      ],
      "engines": {
        "node": ">=16"
      }
    },
    "node_modules/@cloudflare/workerd-darwin-arm64": {
      "version": "1.20260109.0",
      "resolved": "https://registry.npmjs.org/@cloudflare/workerd-darwin-arm64/-/workerd-darwin-arm64-1.20260109.0.tgz",
      "integrity": "sha512-05/CQXz4GNeNl8IEMUQrZmOK2UeEw4ey8ojDJqSh25yYHptSiWHY5sdM/ppd4vJTvncNNnQv7+jlH62Wg+KoZQ==",
      "cpu": [
        "arm64"
      ],
      "dev": true,
      "license": "Apache-2.0",
      "optional": true,
      "os": [
        "darwin"
      ],
      "engines": {
        "node": ">=16"
      }
    },
    "node_modules/@cloudflare/workerd-linux-64": {
      "version": "1.20260109.0",
      "resolved": "https://registry.npmjs.org/@cloudflare/workerd-linux-64/-/workerd-linux-64-1.20260109.0.tgz",
      "integrity": "sha512-mABXU9RqCIwXwfnSo5gVaN606adR+PQCpsq6jmVWQ1AB1+0oH8PM8X8JyRfjTcDaip7fD+iK3kByaTVqMP3T3Q==",
      "cpu": [
        "x64"
      ],
      "dev": true,
      "license": "Apache-2.0",
      "optional": true,
      "os": [
        "linux"
      ],
      "engines": {
        "node": ">=16"
      }
    },
    "node_modules/@cloudflare/workerd-linux-arm64": {
      "version": "1.20260109.0",
      "resolved": "https://registry.npmjs.org/@cloudflare/workerd-linux-arm64/-/workerd-linux-arm64-1.20260109.0.tgz",
      "integrity": "sha512-7UiYMKsq5/L4d+vxK+TaoVC/rzMIsU8yz/QJkJDa2QqR6ryF+8B/pc1DJ6u92WKd9rRQSE/reqhVYT14T38mIw==",
      "cpu": [
        "arm64"
      ],
      "dev": true,
      "license": "Apache-2.0",
      "optional": true,
      "os": [
        "linux"
      ],
      "engines": {
        "node": ">=16"
      }
    },
    "node_modules/@cloudflare/workerd-windows-64": {
      "version": "1.20260109.0",
      "resolved": "https://registry.npmjs.org/@cloudflare/workerd-windows-64/-/workerd-windows-64-1.20260109.0.tgz",
      "integrity": "sha512-rg5Vi+vtTiryWCzjf3R1uWLQF2GoiNgrTSxVfgK36Gtf05oxbBfHIUgs94jF1wH30vYErGKgeTtv0Ts+3oxBOw==",
      "cpu": [
        "x64"
      ],
      "dev": true,
      "license": "Apache-2.0",
      "optional": true,
      "os": [
        "win32"
      ],
      "engines": {
        "node": ">=16"
      }
    },
    "node_modules/workerd": {
      "version": "1.20260109.0",
      "resolved": "https://registry.npmjs.org/workerd/-/workerd-1.20260109.0.tgz",
      "integrity": "sha512-1pNh9688AJzo4jqa+566z6M3ZdKZbn/hzR/l7ft778xsDjhwSdoemTWekBaRPUYwWWkpG725EzOL22tG5S3Wdw==",
      "dev": true,
      "hasInstallScript": true,
      "license": "Apache-2.0",
      "bin": {
        "workerd": "bin/workerd"
      },
      "engines": {
        "node": ">=16"
      },
      "optionalDependencies": {
        "@cloudflare/workerd-darwin-64": "1.20260109.0",
        "@cloudflare/workerd-darwin-arm64": "1.20260109.0",
        "@cloudflare/workerd-linux-64": "1.20260109.0",
        "@cloudflare/workerd-linux-arm64": "1.20260109.0",
        "@cloudflare/workerd-windows-64": "1.20260109.0"
      }
    }
  }
}
